{
  "object": {
    "pins": [
      {
        "package": "Safer",
        "repositoryURL": "https://github.com/ecosia/safer.git",
        "state": {
          "branch": "master",
          "revision": "24490c8c854ebfbd502073c320be6169b09bd535",
          "version": null
        }
      }
    ]
  },
  "version": 1
}
